blueprint:
  name: AWTRIX Alarm Clock
  description: >
    Displays a notification on a AWTRIX device and play a RTTTL melody.
    Various display options are configurable, including icon, scrolling speed, text effects, and background effects, etc. 
  domain: automation
  input:
    awtrix:
      name: AWTRIX Device(s)
      description: Select the Awtrix device(s) to display the countdown.
      selector:
        device:
          integration: mqtt
          manufacturer: Blueforcer
          multiple: true
    notification_text:
      name: Notification Text
      description: The text to display in the notification.
      default: "Wake up!"
      selector:
        text:

    wake_up_time:
      name: Wake up Time
      selector:
        time: {}
      default: "08:00:00"

    alarm_days:
      name: Alarm Days
      description: Select which days this alarm should run.
      selector:
        select:
          multiple: true
          options:
            - label: Monday
              value: mon
            - label: Tuesday
              value: tue
            - label: Wednesday
              value: wed
            - label: Thursday
              value: thu
            - label: Friday
              value: fri
            - label: Saturday
              value: sat
            - label: Sunday
              value: sun
      default:
        - mon
        - tue
        - wed
        - thu
        - fri
        - sat
        - sun

    specific_datetime:
      name: One-Time Specific Date & Time
      description: Optional one-time alarm trigger.
      default: ""
      selector:
        datetime:

    rtttl_string:
      name: RTTTL Melody
      default: ""
      selector:
        text:

    loop_sound:
      name: Loop Sound
      default: true
      selector:
        boolean:

    volume:
      name: Volume
      default: 80
      selector:
        number:
          min: 0
          max: 100
          step: 5
          mode: slider


    icon:
      name: Icon 
      description: The AWTRIX icon ID to display with the countdown. Not used if "No Icon" is selected in Icon Behavior.
      selector:
        text:
      default: ""
    push_icon:
      name: Icon Behavior
      description: Select how the icon should be displayed.
      selector:
        select:
          options:
            - label: "Icon doesn't move"
              value: "0"
            - label: "Icon moves with text"
              value: "1"
            - label: "Icon moves & reappears"
              value: "2"
            - label: "No Icon"
              value: "3"
          mode: dropdown
      default: "0"
    scroll_speed:
      name: Scrolling Speed
      description: How fast should the text scroll. 50 = 🐢 | 250 = 🐆
      selector:
        number:
          min: 50
          max: 250
          step: 25
          mode: slider
      default: 100
    repeat_count:
      name: Scroll Repeat Count
      description: How many times the text should scroll. 0 means it scrolls until removed (default app time).
      default: 1
      selector:
        number:
          min: 0
          max: 10
          step: 1
          mode: slider
    duration:
      name: Duration (in seconds)
      description: Sets how long the app should be displayed
      selector:
        number:
          min: 1
          max: 60
          step: 1
          mode: slider
      default: 10
    text_color:
      name: Text Color (Optional)
      description: Set a color for the text. Overridden by Rainbow Effect.
      selector:
        color_rgb: {}
      default: [160, 160, 0]
    text_case:
      name: Text Case
      description: Select how you would like your text to display.
      selector:
        select:
          options:
            - label: "Use global AWTRIX setting"
              value: "0"
            - label: "Force Uppercase"
              value: "1"
            - label: "Show as is (Default)"
              value: "2"
          mode: dropdown
      default: "2"
    text_color_gradient_toggle:
      name: Use Text Color Gradient
      description: Enable to use a gradient for the text color. Overrides solid text color.
      default: false
      selector:
        boolean:
    text_color_gradient_start:
      name: Text Color Gradient Start 
      description: Set the starting color for the text gradient.
      selector:
        color_rgb: {}
      default: ""
    text_color_gradient_end:
      name: Text Color Gradient End (Optional)
      description: Set the ending color for the text gradient. 
      selector:
        color_rgb: {}
      default: ""
    rainbow_effect:
      name: Rainbow Effect
      description: Enable to make the text cycle through rainbow colors. Overrides solid or gradient text color.
      default: false
      selector:
        boolean:
    text_blink_speed:
      name: Text Blink Speed
      description: If set to a value greater than 0, the text will blink at the specified speed (in ms). Not compatible with gradient or rainbow.
      selector:
        select:
          options:
            - label: "No Blinking"
              value: "0"
            - label: "Very Slow Blink"
              value: "1000"
            - label: "Slow Blink"
              value: "750"
            - label: "Medium  Blink"
              value: "550"
            - label: "Fast Blink"
              value: "400"
            - label: "Very Fast Blink"
              value: "250"
          mode: dropdown
      default: "0"
    text_fade_speed:
      name: Text Fade Speed
      description: If set to a value greater than 0, the text will fade in and out at the specified speed (in ms). Not compatible with gradient or rainbow. Overwrites Blinking if both are set.
      selector:
        select:
          options:
            - label: "No Fade"
              value: "0"
            - label: "Very Slow Fade"
              value: "1000"
            - label: "Slow Fade"
              value: "750"
            - label: "Medium  Fade"
              value: "550"
            - label: "Fast Fade"
              value: "400"
            - label: "Very Fast Fade"
              value: "250"
          mode: dropdown
      default: "0"
    background_color:
      name: Background Color (Optional)
      description: Set a color for the background. Overridden by Background Effect.
      selector:
        color_rgb: {}
      default: [0, 0, 0]
    effect:
      name: Background Effect
      description: The display effect to use for the background.
      selector:
        select:
          options:
            - "None"
            - "Fade"
            - "MovingLine"
            - "BrickBreaker"
            - "PingPong"
            - "Radar"
            - "Checkerboard"
            - "Fireworks"
            - "PlasmaCloud"
            - "Ripple"
            - "Snake"
            - "Pacifica"
            - "TheaterChase"
            - "Plasma"
            - "Matrix"
            - "SwirlIn"
            - "SwirlOut"
            - "LookingEyes"
            - "TwinklingStars"
            - "ColorWaves"
      default: "TwinklingStars"

variables:
  # --- Inputs ---
  awtrix_devices: !input awtrix
  notification_text: !input notification_text
  wake_up_time: !input wake_up_time
  alarm_days: !input alarm_days
  specific_datetime: !input specific_datetime
  icon: !input icon
  push_icon: !input push_icon
  scroll_speed: !input scroll_speed
  repeat_count: !input repeat_count
  duration: !input duration
  text_case: !input text_case
  text_color: !input text_color
  text_color_gradient_toggle: !input text_color_gradient_toggle
  text_color_gradient_start: !input text_color_gradient_start
  text_color_gradient_end: !input text_color_gradient_end 
  rainbow_effect: !input rainbow_effect
  text_blink_speed: !input text_blink_speed
  text_fade_speed: !input text_fade_speed
  background_color: !input background_color
  effect: !input effect
  rtttl_string: !input rtttl_string
  loop_sound: !input loop_sound
  volume: !input volume

trigger:
  # Regular repeating alarm
  - platform: time
    at: !input wake_up_time
    id: repeating_alarm

  # One-time specific date/time alarm
  - platform: template
    value_template: >
      {% if specific_datetime %}
        {{ now().strftime('%Y-%m-%d %H:%M:00') ==
           strptime(specific_datetime, '%Y-%m-%d %H:%M:%S')
           .strftime('%Y-%m-%d %H:%M:00') }}
      {% else %}
        false
      {% endif %}
    id: one_time_alarm

condition:
  - condition: template
    value_template: >
      {% if trigger.id == 'repeating_alarm' %}
        {{ now().strftime('%a') | lower in alarm_days }}
      {% else %}
        true
      {% endif %}

action:
  - repeat:
      for_each: "{{ awtrix_devices }}"
      sequence:
        - variables:
            device_topic: >-
              {{ expand(device_entities(repeat.item)) | select('search', 'device_topic') | map(attribute='state') | first }}
        - service: mqtt.publish
          data:
            topic: "{{ device_topic ~ '/notify'}}"
            payload: >-
              {
                "text": "{{ notification_text }}"
                {%- if push_icon != "3" %},
                "icon": "{{ icon }}"
                {%- endif %},
                "pushIcon": {{ push_icon if push_icon != "3" else "0" }},
                "scrollSpeed": {{ scroll_speed }},
                "repeat": {{ repeat_count }},
                "duration": {{ duration }},
                "textCase": {{ text_case }},
                {% if rainbow_effect %}
                "rainbow": true
                {% elif text_color_gradient_toggle %}
                "gradient": [{{ text_color_gradient_start | tojson }}, {{ text_color_gradient_end | tojson }}]
                {% else %}
                "color": {{ text_color | tojson }}
                {% endif %},
                "blinkText": {{ text_blink_speed }},
                "fadeText": {{ text_fade_speed }},
                "background": {{ background_color | tojson }},
                "effect": "{{ effect }}",
                "rtttl": "{{ rtttl_string }}",
                "loopSound": {{ loop_sound | lower }},
                "volume": {{ volume }}
              }

mode: single
